// !$*UTF8*$!
{
	archiveVersion = 1;
	classes = {
	};
	objectVersion = 50;
	objects = {

/* Begin PBXBuildFile section */
		9430090721C785A800C5AEDF /* AppDelegate.swift in Sources */ = {isa = PBXBuildFile; fileRef = 9430090621C785A800C5AEDF /* AppDelegate.swift */; };
		9430090921C785A800C5AEDF /* ViewController.swift in Sources */ = {isa = PBXBuildFile; fileRef = 9430090821C785A800C5AEDF /* ViewController.swift */; };
		9430090C21C785A800C5AEDF /* Main.storyboard in Resources */ = {isa = PBXBuildFile; fileRef = 9430090A21C785A800C5AEDF /* Main.storyboard */; };
		9430090E21C785A800C5AEDF /* Assets.xcassets in Resources */ = {isa = PBXBuildFile; fileRef = 9430090D21C785A800C5AEDF /* Assets.xcassets */; };
		9430091121C785A800C5AEDF /* LaunchScreen.storyboard in Resources */ = {isa = PBXBuildFile; fileRef = 9430090F21C785A800C5AEDF /* LaunchScreen.storyboard */; };
		9430091C21C785A800C5AEDF /* Test5SecondTests.swift in Sources */ = {isa = PBXBuildFile; fileRef = 9430091B21C785A800C5AEDF /* Test5SecondTests.swift */; };
		9430092721C785A800C5AEDF /* Test5SecondUITests.swift in Sources */ = {isa = PBXBuildFile; fileRef = 9430092621C785A800C5AEDF /* Test5SecondUITests.swift */; };
/* End PBXBuildFile section */

/* Begin PBXContainerItemProxy section */
		9430091821C785A800C5AEDF /* PBXContainerItemProxy */ = {
			isa = PBXContainerItemProxy;
			containerPortal = 943008FB21C785A800C5AEDF /* Project object */;
			proxyType = 1;
			remoteGlobalIDString = 9430090221C785A800C5AEDF;
			remoteInfo = Test5Second;
		};
		9430092321C785A800C5AEDF /* PBXContainerItemProxy */ = {
			isa = PBXContainerItemProxy;
			containerPortal = 943008FB21C785A800C5AEDF /* Project object */;
			proxyType = 1;
			remoteGlobalIDString = 9430090221C785A800C5AEDF;
			remoteInfo = Test5Second;
		};
/* End PBXContainerItemProxy section */

/* Begin PBXFileReference section */
		9430090321C785A800C5AEDF /* Test5Second.app */ = {isa = PBXFileReference; explicitFileType = wrapper.application; includeInIndex = 0; path = Test5Second.app; sourceTree = BUILT_PRODUCTS_DIR; };
		9430090621C785A800C5AEDF /* AppDelegate.swift */ = {isa = PBXFileReference; lastKnownFileType = sourcecode.swift; path = AppDelegate.swift; sourceTree = "<group>"; };
		9430090821C785A800C5AEDF /* ViewController.swift */ = {isa = PBXFileReference; lastKnownFileType = sourcecode.swift; path = ViewController.swift; sourceTree = "<group>"; };
		9430090B21C785A800C5AEDF /* Base */ = {isa = PBXFileReference; lastKnownFileType = file.storyboard; name = Base; path = Base.lproj/Main.storyboard; sourceTree = "<group>"; };
		9430090D21C785A800C5AEDF /* Assets.xcassets */ = {isa = PBXFileReference; lastKnownFileType = folder.assetcatalog; path = Assets.xcassets; sourceTree = "<group>"; };
		9430091021C785A800C5AEDF /* Base */ = {isa = PBXFileReference; lastKnownFileType = file.storyboard; name = Base; path = Base.lproj/LaunchScreen.storyboard; sourceTree = "<group>"; };
		9430091221C785A800C5AEDF /* Info.plist */ = {isa = PBXFileReference; lastKnownFileType = text.plist.xml; path = Info.plist; sourceTree = "<group>"; };
		9430091721C785A800C5AEDF /* Test5SecondTests.xctest */ = {isa = PBXFileReference; explicitFileType = wrapper.cfbundle; includeInIndex = 0; path = Test5SecondTests.xctest; sourceTree = BUILT_PRODUCTS_DIR; };
		9430091B21C785A800C5AEDF /* Test5SecondTests.swift */ = {isa = PBXFileReference; lastKnownFileType = sourcecode.swift; path = Test5SecondTests.swift; sourceTree = "<group>"; };
		9430091D21C785A800C5AEDF /* Info.plist */ = {isa = PBXFileReference; lastKnownFileType = text.plist.xml; path = Info.plist; sourceTree = "<group>"; };
		9430092221C785A800C5AEDF /* Test5SecondUITests.xctest */ = {isa = PBXFileReference; explicitFileType = wrapper.cfbundle; includeInIndex = 0; path = Test5SecondUITests.xctest; sourceTree = BUILT_PRODUCTS_DIR; };
		9430092621C785A800C5AEDF /* Test5SecondUITests.swift */ = {isa = PBXFileReference; lastKnownFileType = sourcecode.swift; path = Test5SecondUITests.swift; sourceTree = "<group>"; };
		9430092821C785A800C5AEDF /* Info.plist */ = {isa = PBXFileReference; lastKnownFileType = text.plist.xml; path = Info.plist; sourceTree = "<group>"; };
/* End PBXFileReference section */

/* Begin PBXFrameworksBuildPhase section */
		9430090021C785A800C5AEDF /* Frameworks */ = {
			isa = PBXFrameworksBuildPhase;
			buildActionMask = 2147483647;
			files = (
			);
			runOnlyForDeploymentPostprocessing = 0;
		};
		9430091421C785A800C5AEDF /* Frameworks */ = {
			isa = PBXFrameworksBuildPhase;
			buildActionMask = 2147483647;
			files = (
			);
			runOnlyForDeploymentPostprocessing = 0;
		};
		9430091F21C785A800C5AEDF /* Frameworks */ = {
			isa = PBXFrameworksBuildPhase;
			buildActionMask = 2147483647;
			files = (
			);
			runOnlyForDeploymentPostprocessing = 0;
		};
/* End PBXFrameworksBuildPhase section */

/* Begin PBXGroup section */
		943008FA21C785A800C5AEDF = {
			isa = PBXGroup;
			children = (
				9430090521C785A800C5AEDF /* Test5Second */,
				9430091A21C785A800C5AEDF /* Test5SecondTests */,
				9430092521C785A800C5AEDF /* Test5SecondUITests */,
				9430090421C785A800C5AEDF /* Products */,
			);
			sourceTree = "<group>";
		};
		9430090421C785A800C5AEDF /* Products */ = {
			isa = PBXGroup;
			children = (
				9430090321C785A800C5AEDF /* Test5Second.app */,
				9430091721C785A800C5AEDF /* Test5SecondTests.xctest */,
				9430092221C785A800C5AEDF /* Test5SecondUITests.xctest */,
			);
			name = Products;
			sourceTree = "<group>";
		};
		9430090521C785A800C5AEDF /* Test5Second */ = {
			isa = PBXGroup;
			children = (
				9430090621C785A800C5AEDF /* AppDelegate.swift */,
				9430090821C785A800C5AEDF /* ViewController.swift */,
				9430090A21C785A800C5AEDF /* Main.storyboard */,
				9430090D21C785A800C5AEDF /* Assets.xcassets */,
				9430090F21C785A800C5AEDF /* LaunchScreen.storyboard */,
				9430091221C785A800C5AEDF /* Info.plist */,
			);
			path = Test5Second;
			sourceTree = "<group>";
		};
		9430091A21C785A800C5AEDF /* Test5SecondTests */ = {
			isa = PBXGroup;
			children = (
				9430091B21C785A800C5AEDF /* Test5SecondTests.swift */,
				9430091D21C785A800C5AEDF /* Info.plist */,
			);
			path = Test5SecondTests;
			sourceTree = "<group>";
		};
		9430092521C785A800C5AEDF /* Test5SecondUITests */ = {
			isa = PBXGroup;
			children = (
				9430092621C785A800C5AEDF /* Test5SecondUITests.swift */,
				9430092821C785A800C5AEDF /* Info.plist */,
			);
			path = Test5SecondUITests;
			sourceTree = "<group>";
		};
/* End PBXGroup section */

/* Begin PBXNativeTarget section */
		9430090221C785A800C5AEDF /* Test5Second */ = {
			isa = PBXNativeTarget;
			buildConfigurationList = 9430092B21C785A800C5AEDF /* Build configuration list for PBXNativeTarget "Test5Second" */;
			buildPhases = (
				943008FF21C785A800C5AEDF /* Sources */,
				9430090021C785A800C5AEDF /* Frameworks */,
				9430090121C785A800C5AEDF /* Resources */,
			);
			buildRules = (
			);
			dependencies = (
			);
			name = Test5Second;
			productName = Test5Second;
			productReference = 9430090321C785A800C5AEDF /* Test5Second.app */;
			productType = "com.apple.product-type.application";
		};
		9430091621C785A800C5AEDF /* Test5SecondTests */ = {
			isa = PBXNativeTarget;
			buildConfigurationList = 9430092E21C785A800C5AEDF /* Build configuration list for PBXNativeTarget "Test5SecondTests" */;
			buildPhases = (
				9430091321C785A800C5AEDF /* Sources */,
				9430091421C785A800C5AEDF /* Frameworks */,
				9430091521C785A800C5AEDF /* Resources */,
			);
			buildRules = (
			);
			dependencies = (
				9430091921C785A800C5AEDF /* PBXTargetDependency */,
			);
			name = Test5SecondTests;
			productName = Test5SecondTests;
			productReference = 9430091721C785A800C5AEDF /* Test5SecondTests.xctest */;
			productType = "com.apple.product-type.bundle.unit-test";
		};
		9430092121C785A800C5AEDF /* Test5SecondUITests */ = {
			isa = PBXNativeTarget;
			buildConfigurationList = 9430093121C785A800C5AEDF /* Build configuration list for PBXNativeTarget "Test5SecondUITests" */;
			buildPhases = (
				9430091E21C785A800C5AEDF /* Sources */,
				9430091F21C785A800C5AEDF /* Frameworks */,
				9430092021C785A800C5AEDF /* Resources */,
			);
			buildRules = (
			);
			dependencies = (
				9430092421C785A800C5AEDF /* PBXTargetDependency */,
			);
			name = Test5SecondUITests;
			productName = Test5SecondUITests;
			productReference = 9430092221C785A800C5AEDF /* Test5SecondUITests.xctest */;
			productType = "com.apple.product-type.bundle.ui-testing";
		};
/* End PBXNativeTarget section */

/* Begin PBXProject section */
		943008FB21C785A800C5AEDF /* Project object */ = {
			isa = PBXProject;
			attributes = {
				LastSwiftUpdateCheck = 1010;
				LastUpgradeCheck = 1010;
				ORGANIZATIONNAME = SICNU;
				TargetAttributes = {
					9430090221C785A800C5AEDF = {
						CreatedOnToolsVersion = 10.1;
					};
					9430091621C785A800C5AEDF = {
						CreatedOnToolsVersion = 10.1;
						TestTargetID = 9430090221C785A800C5AEDF;
					};
					9430092121C785A800C5AEDF = {
						CreatedOnToolsVersion = 10.1;
						TestTargetID = 9430090221C785A800C5AEDF;
					};
				};
			};
			buildConfigurationList = 943008FE21C785A800C5AEDF /* Build configuration list for PBXProject "Test5Second" */;
			compatibilityVersion = "Xcode 9.3";
			developmentRegion = en;
			hasScannedForEncodings = 0;
			knownRegions = (
				en,
				Base,
			);
			mainGroup = 943008FA21C785A800C5AEDF;
			productRefGroup = 9430090421C785A800C5AEDF /* Products */;
			projectDirPath = "";
			projectRoot = "";
			targets = (
				9430090221C785A800C5AEDF /* Test5Second */,
				9430091621C785A800C5AEDF /* Test5SecondTests */,
				9430092121C785A800C5AEDF /* Test5SecondUITests */,
			);
		};
/* End PBXProject section */

/* Begin PBXResourcesBuildPhase section */
		9430090121C785A800C5AEDF /* Resources */ = {
			isa = PBXResourcesBuildPhase;
			buildActionMask = 2147483647;
			files = (
				9430091121C785A800C5AEDF /* LaunchScreen.storyboard in Resources */,
				9430090E21C785A800C5AEDF /* Assets.xcassets in Resources */,
				9430090C21C785A800C5AEDF /* Main.storyboard in Resources */,
			);
			runOnlyForDeploymentPostprocessing = 0;
		};
		9430091521C785A800C5AEDF /* Resources */ = {
			isa = PBXResourcesBuildPhase;
			buildActionMask = 2147483647;
			files = (
			);
			runOnlyForDeploymentPostprocessing = 0;
		};
		9430092021C785A800C5AEDF /* Resources */ = {
			isa = PBXResourcesBuildPhase;
			buildActionMask = 2147483647;
			files = (
			);
			runOnlyForDeploymentPostprocessing = 0;
		};
/* End PBXResourcesBuildPhase section */

/* Begin PBXSourcesBuildPhase section */
		943008FF21C785A800C5AEDF /* Sources */ = {
			isa = PBXSourcesBuildPhase;
			buildActionMask = 2147483647;
			files = (
				9430090921C785A800C5AEDF /* ViewController.swift in Sources */,
				9430090721C785A800C5AEDF /* AppDelegate.swift in Sources */,
			);
			runOnlyForDeploymentPostprocessing = 0;
		};
		9430091321C785A800C5AEDF /* Sources */ = {
			isa = PBXSourcesBuildPhase;
			buildActionMask = 2147483647;
			files = (
				9430091C21C785A800C5AEDF /* Test5SecondTests.swift in Sources */,
			);
			runOnlyForDeploymentPostprocessing = 0;
		};
		9430091E21C785A800C5AEDF /* Sources */ = {
			isa = PBXSourcesBuildPhase;
			buildActionMask = 2147483647;
			files = (
				9430092721C785A800C5AEDF /* Test5SecondUITests.swift in Sources */,
			);
			runOnlyForDeploymentPostprocessing = 0;
		};
/* End PBXSourcesBuildPhase section */

/* Begin PBXTargetDependency section */
		9430091921C785A800C5AEDF /* PBXTargetDependency */ = {
			isa = PBXTargetDependency;
			target = 9430090221C785A800C5AEDF /* Test5Second */;
			targetProxy = 9430091821C785A800C5AEDF /* PBXContainerItemProxy */;
		};
		9430092421C785A800C5AEDF /* PBXTargetDependency */ = {
			isa = PBXTargetDependency;
			target = 9430090221C785A800C5AEDF /* Test5Second */;
			targetProxy = 9430092321C785A800C5AEDF /* PBXContainerItemProxy */;
		};
/* End PBXTargetDependency section */

/* Begin PBXVariantGroup section */
		9430090A21C785A800C5AEDF /* Main.storyboard */ = {
			isa = PBXVariantGroup;
			children = (
				9430090B21C785A800C5AEDF /* Base */,
			);
			name = Main.storyboard;
			sourceTree = "<group>";
		};
		9430090F21C785A800C5AEDF /* LaunchScreen.storyboard */ = {
			isa = PBXVariantGroup;
			children = (
				9430091021C785A800C5AEDF /* Base */,
			);
			name = LaunchScreen.storyboard;
			sourceTree = "<group>";
		};
/* End PBXVariantGroup section */

/* Begin XCBuildConfiguration section */
		9430092921C785A800C5AEDF /* Debug */ = {
			isa = XCBuildConfiguration;
			buildSettings = {
				ALWAYS_SEARCH_USER_PATHS = NO;
				CLANG_ANALYZER_NONNULL = YES;
				CLANG_ANALYZER_NUMBER_OBJECT_CONVERSION = YES_AGGRESSIVE;
				CLANG_CXX_LANGUAGE_STANDARD = "gnu++14";
				CLANG_CXX_LIBRARY = "libc++";
				CLANG_ENABLE_MODULES = YES;
				CLANG_ENABLE_OBJC_ARC = YES;
				CLANG_ENABLE_OBJC_WEAK = YES;
				CLANG_WARN_BLOCK_CAPTURE_AUTORELEASING = YES;
				CLANG_WARN_BOOL_CONVERSION = YES;
				CLANG_WARN_COMMA = YES;
				CLANG_WARN_CONSTANT_CONVERSION = YES;
				CLANG_WARN_DEPRECATED_OBJC_IMPLEMENTATIONS = YES;
				CLANG_WARN_DIRECT_OBJC_ISA_USAGE = YES_ERROR;
				CLANG_WARN_DOCUMENTATION_COMMENTS = YES;
				CLANG_WARN_EMPTY_BODY = YES;
				CLANG_WARN_ENUM_CONVERSION = YES;
				CLANG_WARN_INFINITE_RECURSION = YES;
				CLANG_WARN_INT_CONVERSION = YES;
				CLANG_WARN_NON_LITERAL_NULL_CONVERSION = YES;
				CLANG_WARN_OBJC_IMPLICIT_RETAIN_SELF = YES;
				CLANG_WARN_OBJC_LITERAL_CONVERSION = YES;
				CLANG_WARN_OBJC_ROOT_CLASS = YES_ERROR;
				CLANG_WARN_RANGE_LOOP_ANALYSIS = YES;
				CLANG_WARN_STRICT_PROTOTYPES = YES;
				CLANG_WARN_SUSPICIOUS_MOVE = YES;
				CLANG_WARN_UNGUARDED_AVAILABILITY = YES_AGGRESSIVE;
				CLANG_WARN_UNREACHABLE_CODE = YES;
				CLANG_WARN__DUPLICATE_METHOD_MATCH = YES;
				CODE_SIGN_IDENTITY = "iPhone Developer";
				COPY_PHASE_STRIP = NO;
				DEBUG_INFORMATION_FORMAT = dwarf;
				ENABLE_STRICT_OBJC_MSGSEND = YES;
				ENABLE_TESTABILITY = YES;
				GCC_C_LANGUAGE_STANDARD = gnu11;
				GCC_DYNAMIC_NO_PIC = NO;
				GCC_NO_COMMON_BLOCKS = YES;
				GCC_OPTIMIZATION_LEVEL = 0;
				GCC_PREPROCESSOR_DEFINITIONS = (
					"DEBUG=1",
					"$(inherited)",
				);
				GCC_WARN_64_TO_32_BIT_CONVERSION = YES;
				GCC_WARN_ABOUT_RETURN_TYPE = YES_ERROR;
				GCC_WARN_UNDECLARED_SELECTOR = YES;
				GCC_WARN_UNINITIALIZED_AUTOS = YES_AGGRESSIVE;
				GCC_WARN_UNUSED_FUNCTION = YES;
				GCC_WARN_UNUSED_VARIABLE = YES;
				IPHONEOS_DEPLOYMENT_TARGET = 12.1;
				MTL_ENABLE_DEBUG_INFO = INCLUDE_SOURCE;
				MTL_FAST_MATH = YES;
				ONLY_ACTIVE_ARCH = YES;
				SDKROOT = iphoneos;
				SWIFT_ACTIVE_COMPILATION_CONDITIONS = DEBUG;
				SWIFT_OPTIMIZATION_LEVEL = "-Onone";
			};
			name = Debug;
		};
		9430092A21C785A800C5AEDF /* Release */ = {
			isa = XCBuildConfiguration;
			buildSettings = {
				ALWAYS_SEARCH_USER_PATHS = NO;
				CLANG_ANALYZER_NONNULL = YES;
				CLANG_ANALYZER_NUMBER_OBJECT_CONVERSION = YES_AGGRESSIVE;
				CLANG_CXX_LANGUAGE_STANDARD = "gnu++14";
				CLANG_CXX_LIBRARY = "libc++";
				CLANG_ENABLE_MODULES = YES;
				CLANG_ENABLE_OBJC_ARC = YES;
				CLANG_ENABLE_OBJC_WEAK = YES;
				CLANG_WARN_BLOCK_CAPTURE_AUTORELEASING = YES;
				CLANG_WARN_BOOL_CONVERSION = YES;
				CLANG_WARN_COMMA = YES;
				CLANG_WARN_CONSTANT_CONVERSION = YES;
				CLANG_WARN_DEPRECATED_OBJC_IMPLEMENTATIONS = YES;
				CLANG_WARN_DIRECT_OBJC_ISA_USAGE = YES_ERROR;
				CLANG_WARN_DOCUMENTATION_COMMENTS = YES;
				CLANG_WARN_EMPTY_BODY = YES;
				CLANG_WARN_ENUM_CONVERSION = YES;
				CLANG_WARN_INFINITE_RECURSION = YES;
				CLANG_WARN_INT_CONVERSION = YES;
				CLANG_WARN_NON_LITERAL_NULL_CONVERSION = YES;
				CLANG_WARN_OBJC_IMPLICIT_RETAIN_SELF = YES;
				CLANG_WARN_OBJC_LITERAL_CONVERSION = YES;
				CLANG_WARN_OBJC_ROOT_CLASS = YES_ERROR;
				CLANG_WARN_RANGE_LOOP_ANALYSIS = YES;
				CLANG_WARN_STRICT_PROTOTYPES = YES;
				CLANG_WARN_SUSPICIOUS_MOVE = YES;
				CLANG_WARN_UNGUARDED_AVAILABILITY = YES_AGGRESSIVE;
				CLANG_WARN_UNREACHABLE_CODE = YES;
				CLANG_WARN__DUPLICATE_METHOD_MATCH = YES;
				CODE_SIGN_IDENTITY = "iPhone Developer";
				COPY_PHASE_STRIP = NO;
				DEBUG_INFORMATION_FORMAT = "dwarf-with-dsym";
				ENABLE_NS_ASSERTIONS = NO;
				ENABLE_STRICT_OBJC_MSGSEND = YES;
				GCC_C_LANGUAGE_STANDARD = gnu11;
				GCC_NO_COMMON_BLOCKS = YES;
				GCC_WARN_64_TO_32_BIT_CONVERSION = YES;
				GCC_WARN_ABOUT_RETURN_TYPE = YES_ERROR;
				GCC_WARN_UNDECLARED_SELECTOR = YES;
				GCC_WARN_UNINITIALIZED_AUTOS = YES_AGGRESSIVE;
				GCC_WARN_UNUSED_FUNCTION = YES;
				GCC_WARN_UNUSED_VARIABLE = YES;
				IPHONEOS_DEPLOYMENT_TARGET = 12.1;
				MTL_ENABLE_DEBUG_INFO = NO;
				MTL_FAST_MATH = YES;
				SDKROOT = iphoneos;
				SWIFT_COMPILATION_MODE = wholemodule;
				SWIFT_OPTIMIZATION_LEVEL = "-O";
				VALIDATE_PRODUCT = YES;
			};
			name = Release;
		};
		9430092C21C785A800C5AEDF /* Debug */ = {
			isa = XCBuildConfiguration;
			buildSettings = {
				ASSETCATALOG_COMPILER_APPICON_NAME = AppIcon;
				CODE_SIGN_STYLE = Automatic;
				INFOPLIST_FILE = Test5Second/Info.plist;
				LD_RUNPATH_SEARCH_PATHS = (
					"$(inherited)",
					"@executable_path/Frameworks",
				);
				PRODUCT_BUNDLE_IDENTIFIER = "-016110443.Test5Second";
				PRODUCT_NAME = "$(TARGET_NAME)";
				SWIFT_VERSION = 4.2;
				TARGETED_DEVICE_FAMILY = "1,2";
			};
			name = Debug;
		};
		9430092D21C785A800C5AEDF /* Release */ = {
			isa = XCBuildConfiguration;
			buildSettings = {
				ASSETCATALOG_COMPILER_APPICON_NAME = AppIcon;
				CODE_SIGN_STYLE = Automatic;
				INFOPLIST_FILE = Test5Second/Info.plist;
				LD_RUNPATH_SEARCH_PATHS = (
					"$(inherited)",
					"@executable_path/Frameworks",
				);
				PRODUCT_BUNDLE_IDENTIFIER = "-016110443.Test5Second";
				PRODUCT_NAME = "$(TARGET_NAME)";
				SWIFT_VERSION = 4.2;
				TARGETED_DEVICE_FAMILY = "1,2";
			};
			name = Release;
		};
		9430092F21C785A800C5AEDF /* Debug */ = {
			isa = XCBuildConfiguration;
			buildSettings = {
				ALWAYS_EMBED_SWIFT_STANDARD_LIBRARIES = YES;
				BUNDLE_LOADER = "$(TEST_HOST)";
				CODE_SIGN_STYLE = Automatic;
				INFOPLIST_FILE = Test5SecondTests/Info.plist;
				LD_RUNPATH_SEARCH_PATHS = (
					"$(inherited)",
					"@executable_path/Frameworks",
					"@loader_path/Frameworks",
				);
				PRODUCT_BUNDLE_IDENTIFIER = "-016110443.Test5SecondTests";
				PRODUCT_NAME = "$(TARGET_NAME)";
				SWIFT_VERSION = 4.2;
				TARGETED_DEVICE_FAMILY = "1,2";
				TEST_HOST = "$(BUILT_PRODUCTS_DIR)/Test5Second.app/Test5Second";
			};
			name = Debug;
		};
		9430093021C785A800C5AEDF /* Release */ = {
			isa = XCBuildConfiguration;
			buildSettings = {
				ALWAYS_EMBED_SWIFT_STANDARD_LIBRARIES = YES;
				BUNDLE_LOADER = "$(TEST_HOST)";
				CODE_SIGN_STYLE = Automatic;
				INFOPLIST_FILE = Test5SecondTests/Info.plist;
				LD_RUNPATH_SEARCH_PATHS = (
					"$(inherited)",
					"@executable_path/Frameworks",
					"@loader_path/Frameworks",
				);
				PRODUCT_BUNDLE_IDENTIFIER = "-016110443.Test5SecondTests";
				PRODUCT_NAME = "$(TARGET_NAME)";
				SWIFT_VERSION = 4.2;
				TARGETED_DEVICE_FAMILY = "1,2";
				TEST_HOST = "$(BUILT_PRODUCTS_DIR)/Test5Second.app/Test5Second";
			};
			name = Release;
		};
		9430093221C785A800C5AEDF /* Debug */ = {
			isa = XCBuildConfiguration;
			buildSettings = {
				ALWAYS_EMBED_SWIFT_STANDARD_LIBRARIES = YES;
				CODE_SIGN_STYLE = Automatic;
				INFOPLIST_FILE = Test5SecondUITests/Info.plist;
				LD_RUNPATH_SEARCH_PATHS = (
					"$(inherited)",
					"@executable_path/Frameworks",
					"@loader_path/Frameworks",
				);
				PRODUCT_BUNDLE_IDENTIFIER = "-016110443.Test5SecondUITests";
				PRODUCT_NAME = "$(TARGET_NAME)";
				SWIFT_VERSION = 4.2;
				TARGETED_DEVICE_FAMILY = "1,2";
				TEST_TARGET_NAME = Test5Second;
			};
			name = Debug;
		};
		9430093321C785A800C5AEDF /* Release */ = {
			isa = XCBuildConfiguration;
			buildSettings = {
				ALWAYS_EMBED_SWIFT_STANDARD_LIBRARIES = YES;
				CODE_SIGN_STYLE = Automatic;
				INFOPLIST_FILE = Test5SecondUITests/Info.plist;
				LD_RUNPATH_SEARCH_PATHS = (
					"$(inherited)",
					"@executable_path/Frameworks",
					"@loader_path/Frameworks",
				);
				PRODUCT_BUNDLE_IDENTIFIER = "-016110443.Test5SecondUITests";
				PRODUCT_NAME = "$(TARGET_NAME)";
				SWIFT_VERSION = 4.2;
				TARGETED_DEVICE_FAMILY = "1,2";
				TEST_TARGET_NAME = Test5Second;
			};
			name = Release;
		};
/* End XCBuildConfiguration section */

/* Begin XCConfigurationList section */
		943008FE21C785A800C5AEDF /* Build configuration list for PBXProject "Test5Second" */ = {
			isa = XCConfigurationList;
			buildConfigurations = (
				9430092921C785A800C5AEDF /* Debug */,
				9430092A21C785A800C5AEDF /* Release */,
			);
			defaultConfigurationIsVisible = 0;
			defaultConfigurationName = Release;
		};
		9430092B21C785A800C5AEDF /* Build configuration list for PBXNativeTarget "Test5Second" */ = {
			isa = XCConfigurationList;
			buildConfigurations = (
				9430092C21C785A800C5AEDF /* Debug */,
				9430092D21C785A800C5AEDF /* Release */,
			);
			defaultConfigurationIsVisible = 0;
			defaultConfigurationName = Release;
		};
		9430092E21C785A800C5AEDF /* Build configuration list for PBXNativeTarget "Test5SecondTests" */ = {
			isa = XCConfigurationList;
			buildConfigurations = (
				9430092F21C785A800C5AEDF /* Debug */,
				9430093021C785A800C5AEDF /* Release */,
			);
			defaultConfigurationIsVisible = 0;
			defaultConfigurationName = Release;
		};
		9430093121C785A800C5AEDF /* Build configuration list for PBXNativeTarget "Test5SecondUITests" */ = {
			isa = XCConfigurationList;
			buildConfigurations = (
				9430093221C785A800C5AEDF /* Debug */,
				9430093321C785A800C5AEDF /* Release */,
			);
			defaultConfigurationIsVisible = 0;
			defaultConfigurationName = Release;
		};
/* End XCConfigurationList section */
	};
	rootObject = 943008FB21C785A800C5AEDF /* Project object */;
}
